
Microsoft Visual Studio Solution File, Format Version 12.00
# Visual Studio Version 17
VisualStudioVersion = 17.10.35013.160
MinimumVisualStudioVersion = 10.0.40219.1
Project("{FAE04EC0-301F-11D3-BF4B-00C04F79EFBC}") = "shabatGuest", "shabatGuest\shabatGuest.csproj", "{A3BF8D2A-75A0-4524-A2B3-F423FF857D9D}"
EndProject
Global
	GlobalSection(SolutionConfigurationPlatforms) = preSolution
		Debug|Any CPU = Debug|Any CPU
		Release|Any CPU = Release|Any CPU
	EndGlobalSection
	GlobalSection(ProjectConfigurationPlatforms) = postSolution
		{A3BF8D2A-75A0-4524-A2B3-F423FF857D9D}.Debug|Any CPU.ActiveCfg = Debug|Any CPU
		{A3BF8D2A-75A0-4524-A2B3-F423FF857D9D}.Debug|Any CPU.Build.0 = Debug|Any CPU
		{A3BF8D2A-75A0-4524-A2B3-F423FF857D9D}.Release|Any CPU.ActiveCfg = Release|Any CPU
		{A3BF8D2A-75A0-4524-A2B3-F423FF857D9D}.Release|Any CPU.Build.0 = Release|Any CPU
	EndGlobalSection
	GlobalSection(SolutionProperties) = preSolution
		HideSolutionNode = FALSE
	EndGlobalSection
	GlobalSection(ExtensibilityGlobals) = postSolution
		SolutionGuid = {855CFF26-C115-47D7-A327-E1FFC3DBFA43}
	EndGlobalSection
EndGlobal
